// !$*UTF8*$!
{
	archiveVersion = 1;
	classes = {
	};
	objectVersion = 46;
	objects = {

/* Begin PBXBuildFile section */
		70AA72281929304D00C35008 /* Foundation.framework in Frameworks */ = {isa = PBXBuildFile; fileRef = 70AA72271929304D00C35008 /* Foundation.framework */; };
		70AA722A1929304D00C35008 /* CoreGraphics.framework in Frameworks */ = {isa = PBXBuildFile; fileRef = 70AA72291929304D00C35008 /* CoreGraphics.framework */; };
		70AA722C1929304D00C35008 /* UIKit.framework in Frameworks */ = {isa = PBXBuildFile; fileRef = 70AA722B1929304D00C35008 /* UIKit.framework */; };
		70AA72321929304D00C35008 /* InfoPlist.strings in Resources */ = {isa = PBXBuildFile; fileRef = 70AA72301929304D00C35008 /* InfoPlist.strings */; };
		70AA72341929304D00C35008 /* main.m in Sources */ = {isa = PBXBuildFile; fileRef = 70AA72331929304D00C35008 /* main.m */; };
		70AA72381929304D00C35008 /* CardGameAppDelegate.m in Sources */ = {isa = PBXBuildFile; fileRef = 70AA72371929304D00C35008 /* CardGameAppDelegate.m */; };
		70AA723B1929304D00C35008 /* Main.storyboard in Resources */ = {isa = PBXBuildFile; fileRef = 70AA72391929304D00C35008 /* Main.storyboard */; };
		70AA723E1929304D00C35008 /* CardGameViewController.m in Sources */ = {isa = PBXBuildFile; fileRef = 70AA723D1929304D00C35008 /* CardGameViewController.m */; };
		70AA72401929304D00C35008 /* Images.xcassets in Resources */ = {isa = PBXBuildFile; fileRef = 70AA723F1929304D00C35008 /* Images.xcassets */; };
		70AA72471929304D00C35008 /* XCTest.framework in Frameworks */ = {isa = PBXBuildFile; fileRef = 70AA72461929304D00C35008 /* XCTest.framework */; };
		70AA72481929304D00C35008 /* Foundation.framework in Frameworks */ = {isa = PBXBuildFile; fileRef = 70AA72271929304D00C35008 /* Foundation.framework */; };
		70AA72491929304D00C35008 /* UIKit.framework in Frameworks */ = {isa = PBXBuildFile; fileRef = 70AA722B1929304D00C35008 /* UIKit.framework */; };
		70AA72511929304D00C35008 /* InfoPlist.strings in Resources */ = {isa = PBXBuildFile; fileRef = 70AA724F1929304D00C35008 /* InfoPlist.strings */; };
		70AA72531929304D00C35008 /* MatchismoTests.m in Sources */ = {isa = PBXBuildFile; fileRef = 70AA72521929304D00C35008 /* MatchismoTests.m */; };
		70AA7261192931A100C35008 /* Card.m in Sources */ = {isa = PBXBuildFile; fileRef = 70AA7260192931A100C35008 /* Card.m */; };
		70AA72641929332500C35008 /* Deck.m in Sources */ = {isa = PBXBuildFile; fileRef = 70AA72631929332500C35008 /* Deck.m */; };
/* End PBXBuildFile section */

/* Begin PBXContainerItemProxy section */
		70AA724A1929304D00C35008 /* PBXContainerItemProxy */ = {
			isa = PBXContainerItemProxy;
			containerPortal = 70AA721C1929304D00C35008 /* Project object */;
			proxyType = 1;
			remoteGlobalIDString = 70AA72231929304D00C35008;
			remoteInfo = Matchismo;
		};
/* End PBXContainerItemProxy section */

/* Begin PBXFileReference section */
		70AA72241929304D00C35008 /* Matchismo.app */ = {isa = PBXFileReference; explicitFileType = wrapper.application; includeInIndex = 0; path = Matchismo.app; sourceTree = BUILT_PRODUCTS_DIR; };
		70AA72271929304D00C35008 /* Foundation.framework */ = {isa = PBXFileReference; lastKnownFileType = wrapper.framework; name = Foundation.framework; path = System/Library/Frameworks/Foundation.framework; sourceTree = SDKROOT; };
		70AA72291929304D00C35008 /* CoreGraphics.framework */ = {isa = PBXFileReference; lastKnownFileType = wrapper.framework; name = CoreGraphics.framework; path = System/Library/Frameworks/CoreGraphics.framework; sourceTree = SDKROOT; };
		70AA722B1929304D00C35008 /* UIKit.framework */ = {isa = PBXFileReference; lastKnownFileType = wrapper.framework; name = UIKit.framework; path = System/Library/Frameworks/UIKit.framework; sourceTree = SDKROOT; };
		70AA722F1929304D00C35008 /* Matchismo-Info.plist */ = {isa = PBXFileReference; lastKnownFileType = text.plist.xml; path = "Matchismo-Info.plist"; sourceTree = "<group>"; };
		70AA72311929304D00C35008 /* en */ = {isa = PBXFileReference; lastKnownFileType = text.plist.strings; name = en; path = en.lproj/InfoPlist.strings; sourceTree = "<group>"; };
		70AA72331929304D00C35008 /* main.m */ = {isa = PBXFileReference; lastKnownFileType = sourcecode.c.objc; path = main.m; sourceTree = "<group>"; };
		70AA72351929304D00C35008 /* Matchismo-Prefix.pch */ = {isa = PBXFileReference; lastKnownFileType = sourcecode.c.h; path = "Matchismo-Prefix.pch"; sourceTree = "<group>"; };
		70AA72361929304D00C35008 /* CardGameAppDelegate.h */ = {isa = PBXFileReference; lastKnownFileType = sourcecode.c.h; path = CardGameAppDelegate.h; sourceTree = "<group>"; };
		70AA72371929304D00C35008 /* CardGameAppDelegate.m */ = {isa = PBXFileReference; lastKnownFileType = sourcecode.c.objc; path = CardGameAppDelegate.m; sourceTree = "<group>"; };
		70AA723A1929304D00C35008 /* Base */ = {isa = PBXFileReference; lastKnownFileType = file.storyboard; name = Base; path = Base.lproj/Main.storyboard; sourceTree = "<group>"; };
		70AA723C1929304D00C35008 /* CardGameViewController.h */ = {isa = PBXFileReference; lastKnownFileType = sourcecode.c.h; path = CardGameViewController.h; sourceTree = "<group>"; };
		70AA723D1929304D00C35008 /* CardGameViewController.m */ = {isa = PBXFileReference; lastKnownFileType = sourcecode.c.objc; path = CardGameViewController.m; sourceTree = "<group>"; };
		70AA723F1929304D00C35008 /* Images.xcassets */ = {isa = PBXFileReference; lastKnownFileType = folder.assetcatalog; path = Images.xcassets; sourceTree = "<group>"; };
		70AA72451929304D00C35008 /* MatchismoTests.xctest */ = {isa = PBXFileReference; explicitFileType = wrapper.cfbundle; includeInIndex = 0; path = MatchismoTests.xctest; sourceTree = BUILT_PRODUCTS_DIR; };
		70AA72461929304D00C35008 /* XCTest.framework */ = {isa = PBXFileReference; lastKnownFileType = wrapper.framework; name = XCTest.framework; path = Library/Frameworks/XCTest.framework; sourceTree = DEVELOPER_DIR; };
		70AA724E1929304D00C35008 /* MatchismoTests-Info.plist */ = {isa = PBXFileReference; lastKnownFileType = text.plist.xml; path = "MatchismoTests-Info.plist"; sourceTree = "<group>"; };
		70AA72501929304D00C35008 /* en */ = {isa = PBXFileReference; lastKnownFileType = text.plist.strings; name = en; path = en.lproj/InfoPlist.strings; sourceTree = "<group>"; };
		70AA72521929304D00C35008 /* MatchismoTests.m */ = {isa = PBXFileReference; lastKnownFileType = sourcecode.c.objc; path = MatchismoTests.m; sourceTree = "<group>"; };
		70AA725F192931A100C35008 /* Card.h */ = {isa = PBXFileReference; fileEncoding = 4; lastKnownFileType = sourcecode.c.h; path = Card.h; sourceTree = "<group>"; };
		70AA7260192931A100C35008 /* Card.m */ = {isa = PBXFileReference; fileEncoding = 4; lastKnownFileType = sourcecode.c.objc; path = Card.m; sourceTree = "<group>"; };
		70AA72621929332500C35008 /* Deck.h */ = {isa = PBXFileReference; fileEncoding = 4; lastKnownFileType = sourcecode.c.h; path = Deck.h; sourceTree = "<group>"; };
		70AA72631929332500C35008 /* Deck.m */ = {isa = PBXFileReference; fileEncoding = 4; lastKnownFileType = sourcecode.c.objc; path = Deck.m; sourceTree = "<group>"; };
/* End PBXFileReference section */

/* Begin PBXFrameworksBuildPhase section */
		70AA72211929304D00C35008 /* Frameworks */ = {
			isa = PBXFrameworksBuildPhase;
			buildActionMask = 2147483647;
			files = (
				70AA722A1929304D00C35008 /* CoreGraphics.framework in Frameworks */,
				70AA722C1929304D00C35008 /* UIKit.framework in Frameworks */,
				70AA72281929304D00C35008 /* Foundation.framework in Frameworks */,
			);
			runOnlyForDeploymentPostprocessing = 0;
		};
		70AA72421929304D00C35008 /* Frameworks */ = {
			isa = PBXFrameworksBuildPhase;
			buildActionMask = 2147483647;
			files = (
				70AA72471929304D00C35008 /* XCTest.framework in Frameworks */,
				70AA72491929304D00C35008 /* UIKit.framework in Frameworks */,
				70AA72481929304D00C35008 /* Foundation.framework in Frameworks */,
			);
			runOnlyForDeploymentPostprocessing = 0;
		};
/* End PBXFrameworksBuildPhase section */

/* Begin PBXGroup section */
		70AA721B1929304D00C35008 = {
			isa = PBXGroup;
			children = (
				70AA722D1929304D00C35008 /* Matchismo */,
				70AA724C1929304D00C35008 /* MatchismoTests */,
				70AA72261929304D00C35008 /* Frameworks */,
				70AA72251929304D00C35008 /* Products */,
			);
			sourceTree = "<group>";
		};
		70AA72251929304D00C35008 /* Products */ = {
			isa = PBXGroup;
			children = (
				70AA72241929304D00C35008 /* Matchismo.app */,
				70AA72451929304D00C35008 /* MatchismoTests.xctest */,
			);
			name = Products;
			sourceTree = "<group>";
		};
		70AA72261929304D00C35008 /* Frameworks */ = {
			isa = PBXGroup;
			children = (
				70AA72271929304D00C35008 /* Foundation.framework */,
				70AA72291929304D00C35008 /* CoreGraphics.framework */,
				70AA722B1929304D00C35008 /* UIKit.framework */,
				70AA72461929304D00C35008 /* XCTest.framework */,
			);
			name = Frameworks;
			sourceTree = "<group>";
		};
		70AA722D1929304D00C35008 /* Matchismo */ = {
			isa = PBXGroup;
			children = (
				70AA725E1929317E00C35008 /* Views */,
				70AA725D1929316B00C35008 /* Models */,
				70AA725C1929308400C35008 /* Controllers */,
				70AA723F1929304D00C35008 /* Images.xcassets */,
				70AA722E1929304D00C35008 /* Supporting Files */,
			);
			path = Matchismo;
			sourceTree = "<group>";
		};
		70AA722E1929304D00C35008 /* Supporting Files */ = {
			isa = PBXGroup;
			children = (
				70AA72361929304D00C35008 /* CardGameAppDelegate.h */,
				70AA72371929304D00C35008 /* CardGameAppDelegate.m */,
				70AA722F1929304D00C35008 /* Matchismo-Info.plist */,
				70AA72301929304D00C35008 /* InfoPlist.strings */,
				70AA72331929304D00C35008 /* main.m */,
				70AA72351929304D00C35008 /* Matchismo-Prefix.pch */,
			);
			name = "Supporting Files";
			sourceTree = "<group>";
		};
		70AA724C1929304D00C35008 /* MatchismoTests */ = {
			isa = PBXGroup;
			children = (
				70AA72521929304D00C35008 /* MatchismoTests.m */,
				70AA724D1929304D00C35008 /* Supporting Files */,
			);
			path = MatchismoTests;
			sourceTree = "<group>";
		};
		70AA724D1929304D00C35008 /* Supporting Files */ = {
			isa = PBXGroup;
			children = (
				70AA724E1929304D00C35008 /* MatchismoTests-Info.plist */,
				70AA724F1929304D00C35008 /* InfoPlist.strings */,
			);
			name = "Supporting Files";
			sourceTree = "<group>";
		};
		70AA725C1929308400C35008 /* Controllers */ = {
			isa = PBXGroup;
			children = (
				70AA723C1929304D00C35008 /* CardGameViewController.h */,
				70AA723D1929304D00C35008 /* CardGameViewController.m */,
			);
			name = Controllers;
			sourceTree = "<group>";
		};
		70AA725D1929316B00C35008 /* Models */ = {
			isa = PBXGroup;
			children = (
				70AA725F192931A100C35008 /* Card.h */,
				70AA7260192931A100C35008 /* Card.m */,
				70AA72621929332500C35008 /* Deck.h */,
				70AA72631929332500C35008 /* Deck.m */,
			);
			name = Models;
			sourceTree = "<group>";
		};
		70AA725E1929317E00C35008 /* Views */ = {
			isa = PBXGroup;
			children = (
				70AA72391929304D00C35008 /* Main.storyboard */,
			);
			name = Views;
			sourceTree = "<group>";
		};
/* End PBXGroup section */

/* Begin PBXNativeTarget section */
		70AA72231929304D00C35008 /* Matchismo */ = {
			isa = PBXNativeTarget;
			buildConfigurationList = 70AA72561929304D00C35008 /* Build configuration list for PBXNativeTarget "Matchismo" */;
			buildPhases = (
				70AA72201929304D00C35008 /* Sources */,
				70AA72211929304D00C35008 /* Frameworks */,
				70AA72221929304D00C35008 /* Resources */,
			);
			buildRules = (
			);
			dependencies = (
			);
			name = Matchismo;
			productName = Matchismo;
			productReference = 70AA72241929304D00C35008 /* Matchismo.app */;
			productType = "com.apple.product-type.application";
		};
		70AA72441929304D00C35008 /* MatchismoTests */ = {
			isa = PBXNativeTarget;
			buildConfigurationList = 70AA72591929304D00C35008 /* Build configuration list for PBXNativeTarget "MatchismoTests" */;
			buildPhases = (
				70AA72411929304D00C35008 /* Sources */,
				70AA72421929304D00C35008 /* Frameworks */,
				70AA72431929304D00C35008 /* Resources */,
			);
			buildRules = (
			);
			dependencies = (
				70AA724B1929304D00C35008 /* PBXTargetDependency */,
			);
			name = MatchismoTests;
			productName = MatchismoTests;
			productReference = 70AA72451929304D00C35008 /* MatchismoTests.xctest */;
			productType = "com.apple.product-type.bundle.unit-test";
		};
/* End PBXNativeTarget section */

/* Begin PBXProject section */
		70AA721C1929304D00C35008 /* Project object */ = {
			isa = PBXProject;
			attributes = {
				CLASSPREFIX = CardGame;
				LastUpgradeCheck = 0510;
				ORGANIZATIONNAME = "Sam McDavid";
				TargetAttributes = {
					70AA72441929304D00C35008 = {
						TestTargetID = 70AA72231929304D00C35008;
					};
				};
			};
			buildConfigurationList = 70AA721F1929304D00C35008 /* Build configuration list for PBXProject "Matchismo" */;
			compatibilityVersion = "Xcode 3.2";
			developmentRegion = English;
			hasScannedForEncodings = 0;
			knownRegions = (
				en,
				Base,
			);
			mainGroup = 70AA721B1929304D00C35008;
			productRefGroup = 70AA72251929304D00C35008 /* Products */;
			projectDirPath = "";
			projectRoot = "";
			targets = (
				70AA72231929304D00C35008 /* Matchismo */,
				70AA72441929304D00C35008 /* MatchismoTests */,
			);
		};
/* End PBXProject section */

/* Begin PBXResourcesBuildPhase section */
		70AA72221929304D00C35008 /* Resources */ = {
			isa = PBXResourcesBuildPhase;
			buildActionMask = 2147483647;
			files = (
				70AA72401929304D00C35008 /* Images.xcassets in Resources */,
				70AA72321929304D00C35008 /* InfoPlist.strings in Resources */,
				70AA723B1929304D00C35008 /* Main.storyboard in Resources */,
			);
			runOnlyForDeploymentPostprocessing = 0;
		};
		70AA72431929304D00C35008 /* Resources */ = {
			isa = PBXResourcesBuildPhase;
			buildActionMask = 2147483647;
			files = (
				70AA72511929304D00C35008 /* InfoPlist.strings in Resources */,
			);
			runOnlyForDeploymentPostprocessing = 0;
		};
/* End PBXResourcesBuildPhase section */

/* Begin PBXSourcesBuildPhase section */
		70AA72201929304D00C35008 /* Sources */ = {
			isa = PBXSourcesBuildPhase;
			buildActionMask = 2147483647;
			files = (
				70AA72641929332500C35008 /* Deck.m in Sources */,
				70AA72381929304D00C35008 /* CardGameAppDelegate.m in Sources */,
				70AA723E1929304D00C35008 /* CardGameViewController.m in Sources */,
				70AA72341929304D00C35008 /* main.m in Sources */,
				70AA7261192931A100C35008 /* Card.m in Sources */,
			);
			runOnlyForDeploymentPostprocessing = 0;
		};
		70AA72411929304D00C35008 /* Sources */ = {
			isa = PBXSourcesBuildPhase;
			buildActionMask = 2147483647;
			files = (
				70AA72531929304D00C35008 /* MatchismoTests.m in Sources */,
			);
			runOnlyForDeploymentPostprocessing = 0;
		};
/* End PBXSourcesBuildPhase section */

/* Begin PBXTargetDependency section */
		70AA724B1929304D00C35008 /* PBXTargetDependency */ = {
			isa = PBXTargetDependency;
			target = 70AA72231929304D00C35008 /* Matchismo */;
			targetProxy = 70AA724A1929304D00C35008 /* PBXContainerItemProxy */;
		};
/* End PBXTargetDependency section */

/* Begin PBXVariantGroup section */
		70AA72301929304D00C35008 /* InfoPlist.strings */ = {
			isa = PBXVariantGroup;
			children = (
				70AA72311929304D00C35008 /* en */,
			);
			name = InfoPlist.strings;
			sourceTree = "<group>";
		};
		70AA72391929304D00C35008 /* Main.storyboard */ = {
			isa = PBXVariantGroup;
			children = (
				70AA723A1929304D00C35008 /* Base */,
			);
			name = Main.storyboard;
			sourceTree = "<group>";
		};
		70AA724F1929304D00C35008 /* InfoPlist.strings */ = {
			isa = PBXVariantGroup;
			children = (
				70AA72501929304D00C35008 /* en */,
			);
			name = InfoPlist.strings;
			sourceTree = "<group>";
		};
/* End PBXVariantGroup section */

/* Begin XCBuildConfiguration section */
		70AA72541929304D00C35008 /* Debug */ = {
			isa = XCBuildConfiguration;
			buildSettings = {
				ALWAYS_SEARCH_USER_PATHS = NO;
				CLANG_CXX_LANGUAGE_STANDARD = "gnu++0x";
				CLANG_CXX_LIBRARY = "libc++";
				CLANG_ENABLE_MODULES = YES;
				CLANG_ENABLE_OBJC_ARC = YES;
				CLANG_WARN_BOOL_CONVERSION = YES;
				CLANG_WARN_CONSTANT_CONVERSION = YES;
				CLANG_WARN_DIRECT_OBJC_ISA_USAGE = YES_ERROR;
				CLANG_WARN_EMPTY_BODY = YES;
				CLANG_WARN_ENUM_CONVERSION = YES;
				CLANG_WARN_INT_CONVERSION = YES;
				CLANG_WARN_OBJC_ROOT_CLASS = YES_ERROR;
				CLANG_WARN__DUPLICATE_METHOD_MATCH = YES;
				"CODE_SIGN_IDENTITY[sdk=iphoneos*]" = "iPhone Developer";
				COPY_PHASE_STRIP = NO;
				GCC_C_LANGUAGE_STANDARD = gnu99;
				GCC_DYNAMIC_NO_PIC = NO;
				GCC_OPTIMIZATION_LEVEL = 0;
				GCC_PREPROCESSOR_DEFINITIONS = (
					"DEBUG=1",
					"$(inherited)",
				);
				GCC_SYMBOLS_PRIVATE_EXTERN = NO;
				GCC_WARN_64_TO_32_BIT_CONVERSION = YES;
				GCC_WARN_ABOUT_RETURN_TYPE = YES_ERROR;
				GCC_WARN_UNDECLARED_SELECTOR = YES;
				GCC_WARN_UNINITIALIZED_AUTOS = YES_AGGRESSIVE;
				GCC_WARN_UNUSED_FUNCTION = YES;
				GCC_WARN_UNUSED_VARIABLE = YES;
				IPHONEOS_DEPLOYMENT_TARGET = 7.1;
				ONLY_ACTIVE_ARCH = YES;
				SDKROOT = iphoneos;
			};
			name = Debug;
		};
		70AA72551929304D00C35008 /* Release */ = {
			isa = XCBuildConfiguration;
			buildSettings = {
				ALWAYS_SEARCH_USER_PATHS = NO;
				CLANG_CXX_LANGUAGE_STANDARD = "gnu++0x";
				CLANG_CXX_LIBRARY = "libc++";
				CLANG_ENABLE_MODULES = YES;
				CLANG_ENABLE_OBJC_ARC = YES;
				CLANG_WARN_BOOL_CONVERSION = YES;
				CLANG_WARN_CONSTANT_CONVERSION = YES;
				CLANG_WARN_DIRECT_OBJC_ISA_USAGE = YES_ERROR;
				CLANG_WARN_EMPTY_BODY = YES;
				CLANG_WARN_ENUM_CONVERSION = YES;
				CLANG_WARN_INT_CONVERSION = YES;
				CLANG_WARN_OBJC_ROOT_CLASS = YES_ERROR;
				CLANG_WARN__DUPLICATE_METHOD_MATCH = YES;
				"CODE_SIGN_IDENTITY[sdk=iphoneos*]" = "iPhone Developer";
				COPY_PHASE_STRIP = YES;
				ENABLE_NS_ASSERTIONS = NO;
				GCC_C_LANGUAGE_STANDARD = gnu99;
				GCC_WARN_64_TO_32_BIT_CONVERSION = YES;
				GCC_WARN_ABOUT_RETURN_TYPE = YES_ERROR;
				GCC_WARN_UNDECLARED_SELECTOR = YES;
				GCC_WARN_UNINITIALIZED_AUTOS = YES_AGGRESSIVE;
				GCC_WARN_UNUSED_FUNCTION = YES;
				GCC_WARN_UNUSED_VARIABLE = YES;
				IPHONEOS_DEPLOYMENT_TARGET = 7.1;
				SDKROOT = iphoneos;
				VALIDATE_PRODUCT = YES;
			};
			name = Release;
		};
		70AA72571929304D00C35008 /* Debug */ = {
			isa = XCBuildConfiguration;
			buildSettings = {
				ASSETCATALOG_COMPILER_APPICON_NAME = AppIcon;
				ASSETCATALOG_COMPILER_LAUNCHIMAGE_NAME = LaunchImage;
				GCC_PRECOMPILE_PREFIX_HEADER = YES;
				GCC_PREFIX_HEADER = "Matchismo/Matchismo-Prefix.pch";
				INFOPLIST_FILE = "Matchismo/Matchismo-Info.plist";
				PRODUCT_NAME = "$(TARGET_NAME)";
				WRAPPER_EXTENSION = app;
			};
			name = Debug;
		};
		70AA72581929304D00C35008 /* Release */ = {
			isa = XCBuildConfiguration;
			buildSettings = {
				ASSETCATALOG_COMPILER_APPICON_NAME = AppIcon;
				ASSETCATALOG_COMPILER_LAUNCHIMAGE_NAME = LaunchImage;
				GCC_PRECOMPILE_PREFIX_HEADER = YES;
				GCC_PREFIX_HEADER = "Matchismo/Matchismo-Prefix.pch";
				INFOPLIST_FILE = "Matchismo/Matchismo-Info.plist";
				PRODUCT_NAME = "$(TARGET_NAME)";
				WRAPPER_EXTENSION = app;
			};
			name = Release;
		};
		70AA725A1929304D00C35008 /* Debug */ = {
			isa = XCBuildConfiguration;
			buildSettings = {
				BUNDLE_LOADER = "$(BUILT_PRODUCTS_DIR)/Matchismo.app/Matchismo";
				FRAMEWORK_SEARCH_PATHS = (
					"$(SDKROOT)/Developer/Library/Frameworks",
					"$(inherited)",
					"$(DEVELOPER_FRAMEWORKS_DIR)",
				);
				GCC_PRECOMPILE_PREFIX_HEADER = YES;
				GCC_PREFIX_HEADER = "Matchismo/Matchismo-Prefix.pch";
				GCC_PREPROCESSOR_DEFINITIONS = (
					"DEBUG=1",
					"$(inherited)",
				);
				INFOPLIST_FILE = "MatchismoTests/MatchismoTests-Info.plist";
				PRODUCT_NAME = "$(TARGET_NAME)";
				TEST_HOST = "$(BUNDLE_LOADER)";
				WRAPPER_EXTENSION = xctest;
			};
			name = Debug;
		};
		70AA725B1929304D00C35008 /* Release */ = {
			isa = XCBuildConfiguration;
			buildSettings = {
				BUNDLE_LOADER = "$(BUILT_PRODUCTS_DIR)/Matchismo.app/Matchismo";
				FRAMEWORK_SEARCH_PATHS = (
					"$(SDKROOT)/Developer/Library/Frameworks",
					"$(inherited)",
					"$(DEVELOPER_FRAMEWORKS_DIR)",
				);
				GCC_PRECOMPILE_PREFIX_HEADER = YES;
				GCC_PREFIX_HEADER = "Matchismo/Matchismo-Prefix.pch";
				INFOPLIST_FILE = "MatchismoTests/MatchismoTests-Info.plist";
				PRODUCT_NAME = "$(TARGET_NAME)";
				TEST_HOST = "$(BUNDLE_LOADER)";
				WRAPPER_EXTENSION = xctest;
			};
			name = Release;
		};
/* End XCBuildConfiguration section */

/* Begin XCConfigurationList section */
		70AA721F1929304D00C35008 /* Build configuration list for PBXProject "Matchismo" */ = {
			isa = XCConfigurationList;
			buildConfigurations = (
				70AA72541929304D00C35008 /* Debug */,
				70AA72551929304D00C35008 /* Release */,
			);
			defaultConfigurationIsVisible = 0;
			defaultConfigurationName = Release;
		};
		70AA72561929304D00C35008 /* Build configuration list for PBXNativeTarget "Matchismo" */ = {
			isa = XCConfigurationList;
			buildConfigurations = (
				70AA72571929304D00C35008 /* Debug */,
				70AA72581929304D00C35008 /* Release */,
			);
			defaultConfigurationIsVisible = 0;
		};
		70AA72591929304D00C35008 /* Build configuration list for PBXNativeTarget "MatchismoTests" */ = {
			isa = XCConfigurationList;
			buildConfigurations = (
				70AA725A1929304D00C35008 /* Debug */,
				70AA725B1929304D00C35008 /* Release */,
			);
			defaultConfigurationIsVisible = 0;
		};
/* End XCConfigurationList section */
	};
	rootObject = 70AA721C1929304D00C35008 /* Project object */;
}
